
Microsoft Visual Studio Solution File, Format Version 12.00
# Visual Studio Version 17
VisualStudioVersion = 17.8.34330.188
MinimumVisualStudioVersion = 10.0.40219.1
Project("{FAE04EC0-301F-11D3-BF4B-00C04F79EFBC}") = "Library", "Library.csproj", "{DEBE9B6B-2A4B-4655-A4F5-12686CA0E1C2}"
EndProject
Global
	GlobalSection(SolutionConfigurationPlatforms) = preSolution
		Debug|Any CPU = Debug|Any CPU
		Release|Any CPU = Release|Any CPU
	EndGlobalSection
	GlobalSection(ProjectConfigurationPlatforms) = postSolution
		{DEBE9B6B-2A4B-4655-A4F5-12686CA0E1C2}.Debug|Any CPU.ActiveCfg = Debug|Any CPU
		{DEBE9B6B-2A4B-4655-A4F5-12686CA0E1C2}.Debug|Any CPU.Build.0 = Debug|Any CPU
		{DEBE9B6B-2A4B-4655-A4F5-12686CA0E1C2}.Release|Any CPU.ActiveCfg = Release|Any CPU
		{DEBE9B6B-2A4B-4655-A4F5-12686CA0E1C2}.Release|Any CPU.Build.0 = Release|Any CPU
	EndGlobalSection
	GlobalSection(SolutionProperties) = preSolution
		HideSolutionNode = FALSE
	EndGlobalSection
	GlobalSection(ExtensibilityGlobals) = postSolution
		SolutionGuid = {77E3C561-AD69-4B01-BFFB-AD3D8AE3C5F3}
	EndGlobalSection
EndGlobal
